github.com/01-edu/go-tests v0.0.0-20230817164458-748999cc7f33 h1:jXyfBPzDecd6/G0fQWhL7Owkm/5kCIbo/VJrcQLH5VY=
github.com/01-edu/go-tests v0.0.0-20230817164458-748999cc7f33/go.mod h1:IYzuZWohzjAyod6PZ/oOxLeUFhf9yb361OVWWUqSgyM=
github.com/01-edu/z01 v0.1.0 h1:Rr1p92CKYXUgVFw872iGDABXpdkuKf2jmS+KV6r1034=
github.com/01-edu/z01 v0.1.0/go.mod h1:BH7t35JaNFuP83rTJDc5nkSfgmC/HYVcJsUcdFqYZNo=
